
Microsoft Visual Studio Solution File, Format Version 12.00
# Visual Studio 15
VisualStudioVersion = 15.0.28307.539
MinimumVisualStudioVersion = 10.0.40219.1
Project("{FAE04EC0-301F-11D3-BF4B-00C04F79EFBC}") = "CleanCode2", "CleanCode2\CleanCode2.csproj", "{A44A4F63-FE7D-4C69-A357-21DB6E018960}"
EndProject
Global
	GlobalSection(SolutionConfigurationPlatforms) = preSolution
		Debug|Any CPU = Debug|Any CPU
		Release|Any CPU = Release|Any CPU
	EndGlobalSection
	GlobalSection(ProjectConfigurationPlatforms) = postSolution
		{A44A4F63-FE7D-4C69-A357-21DB6E018960}.Debug|Any CPU.ActiveCfg = Debug|Any CPU
		{A44A4F63-FE7D-4C69-A357-21DB6E018960}.Debug|Any CPU.Build.0 = Debug|Any CPU
		{A44A4F63-FE7D-4C69-A357-21DB6E018960}.Release|Any CPU.ActiveCfg = Release|Any CPU
		{A44A4F63-FE7D-4C69-A357-21DB6E018960}.Release|Any CPU.Build.0 = Release|Any CPU
	EndGlobalSection
	GlobalSection(SolutionProperties) = preSolution
		HideSolutionNode = FALSE
	EndGlobalSection
	GlobalSection(ExtensibilityGlobals) = postSolution
		SolutionGuid = {ADB1311C-5CB7-4E3F-A730-0C84294C88B5}
	EndGlobalSection
EndGlobal
